
Microsoft Visual Studio Solution File, Format Version 12.00
# Visual Studio Version 17
VisualStudioVersion = 17.12.35707.178 d17.12
MinimumVisualStudioVersion = 10.0.40219.1
Project("{FAE04EC0-301F-11D3-BF4B-00C04F79EFBC}") = "AcessSpecifierExample", "AcessSpecifierExample\AcessSpecifierExample.csproj", "{EA4937FF-7FEC-478B-816B-35E7B1FD1411}"
EndProject
Project("{FAE04EC0-301F-11D3-BF4B-00C04F79EFBC}") = "ConsoleApp2", "ConsoleApp2\ConsoleApp2.csproj", "{7BBFFFA6-7E0C-4A61-A9B5-4E7ED8E75E29}"
EndProject
Global
	GlobalSection(SolutionConfigurationPlatforms) = preSolution
		Debug|Any CPU = Debug|Any CPU
		Release|Any CPU = Release|Any CPU
	EndGlobalSection
	GlobalSection(ProjectConfigurationPlatforms) = postSolution
		{EA4937FF-7FEC-478B-816B-35E7B1FD1411}.Debug|Any CPU.ActiveCfg = Debug|Any CPU
		{EA4937FF-7FEC-478B-816B-35E7B1FD1411}.Debug|Any CPU.Build.0 = Debug|Any CPU
		{EA4937FF-7FEC-478B-816B-35E7B1FD1411}.Release|Any CPU.ActiveCfg = Release|Any CPU
		{EA4937FF-7FEC-478B-816B-35E7B1FD1411}.Release|Any CPU.Build.0 = Release|Any CPU
		{7BBFFFA6-7E0C-4A61-A9B5-4E7ED8E75E29}.Debug|Any CPU.ActiveCfg = Debug|Any CPU
		{7BBFFFA6-7E0C-4A61-A9B5-4E7ED8E75E29}.Debug|Any CPU.Build.0 = Debug|Any CPU
		{7BBFFFA6-7E0C-4A61-A9B5-4E7ED8E75E29}.Release|Any CPU.ActiveCfg = Release|Any CPU
		{7BBFFFA6-7E0C-4A61-A9B5-4E7ED8E75E29}.Release|Any CPU.Build.0 = Release|Any CPU
	EndGlobalSection
	GlobalSection(SolutionProperties) = preSolution
		HideSolutionNode = FALSE
	EndGlobalSection
EndGlobal
