
Microsoft Visual Studio Solution File, Format Version 12.00
# Visual Studio Version 17
VisualStudioVersion = 17.12.35707.178 d17.12
MinimumVisualStudioVersion = 10.0.40219.1
Project("{FAE04EC0-301F-11D3-BF4B-00C04F79EFBC}") = "Calculator", "Calculator\Calculator.csproj", "{EAF97957-9A4C-40C8-B83E-9EBFE7F86B2B}"
EndProject
Project("{FAE04EC0-301F-11D3-BF4B-00C04F79EFBC}") = "NUnitTesting", "NUnitTesting\NUnitTesting.csproj", "{135A0B9B-4EAF-4378-A054-1E7135CA673C}"
EndProject
Global
	GlobalSection(SolutionConfigurationPlatforms) = preSolution
		Debug|Any CPU = Debug|Any CPU
		Release|Any CPU = Release|Any CPU
	EndGlobalSection
	GlobalSection(ProjectConfigurationPlatforms) = postSolution
		{EAF97957-9A4C-40C8-B83E-9EBFE7F86B2B}.Debug|Any CPU.ActiveCfg = Debug|Any CPU
		{EAF97957-9A4C-40C8-B83E-9EBFE7F86B2B}.Debug|Any CPU.Build.0 = Debug|Any CPU
		{EAF97957-9A4C-40C8-B83E-9EBFE7F86B2B}.Release|Any CPU.ActiveCfg = Release|Any CPU
		{EAF97957-9A4C-40C8-B83E-9EBFE7F86B2B}.Release|Any CPU.Build.0 = Release|Any CPU
		{135A0B9B-4EAF-4378-A054-1E7135CA673C}.Debug|Any CPU.ActiveCfg = Debug|Any CPU
		{135A0B9B-4EAF-4378-A054-1E7135CA673C}.Debug|Any CPU.Build.0 = Debug|Any CPU
		{135A0B9B-4EAF-4378-A054-1E7135CA673C}.Release|Any CPU.ActiveCfg = Release|Any CPU
		{135A0B9B-4EAF-4378-A054-1E7135CA673C}.Release|Any CPU.Build.0 = Release|Any CPU
	EndGlobalSection
	GlobalSection(SolutionProperties) = preSolution
		HideSolutionNode = FALSE
	EndGlobalSection
EndGlobal
